{
  "name": "AISmartRun",
  "version": "0.1.0",
  "lockfileVersion": 3,
  "requires": true,
  "packages": {
    "": {
      "name": "AISmartRun",
      "version": "0.1.0",
      "devDependencies": {
        "@yodaos-pkg/aix": "^0.6.0",
        "@yodaos-pkg/create-aiui-agent": "^2.1.2"
      }
    },
    "node_modules/@yodaos-pkg/aix": {
      "version": "0.6.0",
      "resolved": "https://registry.npmjs.org/@yodaos-pkg/aix/-/aix-0.6.0.tgz",
      "integrity": "sha512-8pM5v/Mp/wAdixT6oAcRa4r9eNhg9Wr3WUoiyxyZHm8VJqPDk1bdDPiki1lu7BvSjgdJSlTU8Ea4xc1a1xQoTQ==",
      "dev": true
    },
    "node_modules/@yodaos-pkg/create-aiui-agent": {
      "version": "2.1.2",
      "resolved": "https://registry.npmjs.org/@yodaos-pkg/create-aiui-agent/-/create-aiui-agent-2.1.2.tgz",
      "integrity": "sha512-gPtY45ec5otk9t1lavVi5qEoz8mWP3icAdAt6Wxfy7sFKalKuECBhzDBa0PZK0/Gd0khVrZg47WZtKQGL6Jpog==",
      "dev": true,
      "bin": {
        "create-aiui-agent": "index.js"
      }
    }
  }
}
